
Microsoft Visual Studio Solution File, Format Version 12.00
# Visual Studio Version 16
VisualStudioVersion = 16.0.29503.13
MinimumVisualStudioVersion = 10.0.40219.1
Project("{FAE04EC0-301F-11D3-BF4B-00C04F79EFBC}") = "Schedule_Mgr", "Schedule_Mgr\Schedule_Mgr.csproj", "{83181860-0499-488B-B4DA-2B825068E6BE}"
EndProject
Project("{2150E333-8FDC-42A3-9474-1A3956D46DE8}") = "SolutionItems", "SolutionItems", "{618604AE-0173-4878-A9C3-7C7685FDC070}"
EndProject
Project("{2150E333-8FDC-42A3-9474-1A3956D46DE8}") = "Config", "Config", "{0684AA04-0892-47D1-97B7-B8DA13B55E6A}"
	ProjectSection(SolutionItems) = preProject
		SolutionItems\Config\ConnectionStrings.config = SolutionItems\Config\ConnectionStrings.config
		SolutionItems\Project Notes.txt = SolutionItems\Project Notes.txt
	EndProjectSection
EndProject
Project("{FAE04EC0-301F-11D3-BF4B-00C04F79EFBC}") = "Appointment_Mgr", "Appointment_Mgr\Appointment_Mgr.csproj", "{46B81890-0404-477D-BFBC-81DE923EB8C3}"
EndProject
Project("{2150E333-8FDC-42A3-9474-1A3956D46DE8}") = "Writeup", "Writeup", "{ECBA9B67-8D57-4126-B736-5158E6D988C1}"
	ProjectSection(SolutionItems) = preProject
		Writeup.docx = Writeup.docx
	EndProjectSection
EndProject
Project("{9A19103F-16F7-4668-BE54-9A1E7A4F7556}") = "PatientContactSchedular", "PatientContactSchedular\PatientContactSchedular.csproj", "{61875E06-0887-4511-AC7A-5DDBD59435BC}"
EndProject
Global
	GlobalSection(SolutionConfigurationPlatforms) = preSolution
		Debug|Any CPU = Debug|Any CPU
		Debug|x64 = Debug|x64
		Release|Any CPU = Release|Any CPU
		Release|x64 = Release|x64
	EndGlobalSection
	GlobalSection(ProjectConfigurationPlatforms) = postSolution
		{83181860-0499-488B-B4DA-2B825068E6BE}.Debug|Any CPU.ActiveCfg = Debug|Any CPU
		{83181860-0499-488B-B4DA-2B825068E6BE}.Debug|Any CPU.Build.0 = Debug|Any CPU
		{83181860-0499-488B-B4DA-2B825068E6BE}.Debug|x64.ActiveCfg = Debug|x64
		{83181860-0499-488B-B4DA-2B825068E6BE}.Debug|x64.Build.0 = Debug|x64
		{83181860-0499-488B-B4DA-2B825068E6BE}.Release|Any CPU.ActiveCfg = Release|Any CPU
		{83181860-0499-488B-B4DA-2B825068E6BE}.Release|Any CPU.Build.0 = Release|Any CPU
		{83181860-0499-488B-B4DA-2B825068E6BE}.Release|x64.ActiveCfg = Release|x64
		{83181860-0499-488B-B4DA-2B825068E6BE}.Release|x64.Build.0 = Release|x64
		{46B81890-0404-477D-BFBC-81DE923EB8C3}.Debug|Any CPU.ActiveCfg = Debug|Any CPU
		{46B81890-0404-477D-BFBC-81DE923EB8C3}.Debug|Any CPU.Build.0 = Debug|Any CPU
		{46B81890-0404-477D-BFBC-81DE923EB8C3}.Debug|x64.ActiveCfg = Debug|x64
		{46B81890-0404-477D-BFBC-81DE923EB8C3}.Debug|x64.Build.0 = Debug|x64
		{46B81890-0404-477D-BFBC-81DE923EB8C3}.Release|Any CPU.ActiveCfg = Release|Any CPU
		{46B81890-0404-477D-BFBC-81DE923EB8C3}.Release|Any CPU.Build.0 = Release|Any CPU
		{46B81890-0404-477D-BFBC-81DE923EB8C3}.Release|x64.ActiveCfg = Release|x64
		{46B81890-0404-477D-BFBC-81DE923EB8C3}.Release|x64.Build.0 = Release|x64
		{61875E06-0887-4511-AC7A-5DDBD59435BC}.Debug|Any CPU.ActiveCfg = Debug|Any CPU
		{61875E06-0887-4511-AC7A-5DDBD59435BC}.Debug|Any CPU.Build.0 = Debug|Any CPU
		{61875E06-0887-4511-AC7A-5DDBD59435BC}.Debug|x64.ActiveCfg = Debug|x64
		{61875E06-0887-4511-AC7A-5DDBD59435BC}.Debug|x64.Build.0 = Debug|x64
		{61875E06-0887-4511-AC7A-5DDBD59435BC}.Release|Any CPU.ActiveCfg = Release|Any CPU
		{61875E06-0887-4511-AC7A-5DDBD59435BC}.Release|Any CPU.Build.0 = Release|Any CPU
		{61875E06-0887-4511-AC7A-5DDBD59435BC}.Release|x64.ActiveCfg = Release|x64
		{61875E06-0887-4511-AC7A-5DDBD59435BC}.Release|x64.Build.0 = Release|x64
	EndGlobalSection
	GlobalSection(SolutionProperties) = preSolution
		HideSolutionNode = FALSE
	EndGlobalSection
	GlobalSection(NestedProjects) = preSolution
		{0684AA04-0892-47D1-97B7-B8DA13B55E6A} = {618604AE-0173-4878-A9C3-7C7685FDC070}
		{ECBA9B67-8D57-4126-B736-5158E6D988C1} = {618604AE-0173-4878-A9C3-7C7685FDC070}
	EndGlobalSection
	GlobalSection(ExtensibilityGlobals) = postSolution
		SolutionGuid = {5458C6D8-8D8A-4B4B-BED5-AD54B96FAAF8}
	EndGlobalSection
EndGlobal
